
Microsoft Visual Studio Solution File, Format Version 10.00
# Visual Studio 2008
Project("{8BC9CEB8-8B4A-11D0-8D11-00A0C91BC942}") = "T02EYES", "T02EYES.vcproj", "{522B06BC-7CA8-4ABA-B2E4-9E205A3FA35F}"
EndProject
Global
	GlobalSection(SolutionConfigurationPlatforms) = preSolution
		Debug|Win32 = Debug|Win32
		Release|Win32 = Release|Win32
	EndGlobalSection
	GlobalSection(ProjectConfigurationPlatforms) = postSolution
		{522B06BC-7CA8-4ABA-B2E4-9E205A3FA35F}.Debug|Win32.ActiveCfg = Debug|Win32
		{522B06BC-7CA8-4ABA-B2E4-9E205A3FA35F}.Debug|Win32.Build.0 = Debug|Win32
		{522B06BC-7CA8-4ABA-B2E4-9E205A3FA35F}.Release|Win32.ActiveCfg = Release|Win32
		{522B06BC-7CA8-4ABA-B2E4-9E205A3FA35F}.Release|Win32.Build.0 = Release|Win32
	EndGlobalSection
	GlobalSection(SolutionProperties) = preSolution
		HideSolutionNode = FALSE
	EndGlobalSection
EndGlobal
